
Microsoft Visual Studio Solution File, Format Version 12.00
# Visual Studio 15
VisualStudioVersion = 15.0.28010.2041
MinimumVisualStudioVersion = 10.0.40219.1
Project("{FAE04EC0-301F-11D3-BF4B-00C04F79EFBC}") = "training1", "training1\training1.csproj", "{A157D636-F7A9-4E58-AA62-CE777F508935}"
EndProject
Project("{2150E333-8FDC-42A3-9474-1A3956D46DE8}") = "bookTrainingProgs", "bookTrainingProgs", "{2DE3969E-7F53-453A-B9FA-14A9D33D9863}"
EndProject
Project("{FAE04EC0-301F-11D3-BF4B-00C04F79EFBC}") = "Training2", "Training2\Training2.csproj", "{CD57749F-EAF8-43EC-909D-B86AADB286A2}"
EndProject
Project("{2150E333-8FDC-42A3-9474-1A3956D46DE8}") = "customProgs", "customProgs", "{B5793046-6A2B-4591-A25E-0C65E1061459}"
EndProject
Project("{FAE04EC0-301F-11D3-BF4B-00C04F79EFBC}") = "ReadExcel", "test\ReadExcel.csproj", "{8DEEEA8E-4F2C-4578-B204-3E54DA6BFD7F}"
EndProject
Global
	GlobalSection(SolutionConfigurationPlatforms) = preSolution
		Debug|Any CPU = Debug|Any CPU
		Release|Any CPU = Release|Any CPU
	EndGlobalSection
	GlobalSection(ProjectConfigurationPlatforms) = postSolution
		{A157D636-F7A9-4E58-AA62-CE777F508935}.Debug|Any CPU.ActiveCfg = Debug|Any CPU
		{A157D636-F7A9-4E58-AA62-CE777F508935}.Debug|Any CPU.Build.0 = Debug|Any CPU
		{A157D636-F7A9-4E58-AA62-CE777F508935}.Release|Any CPU.ActiveCfg = Release|Any CPU
		{A157D636-F7A9-4E58-AA62-CE777F508935}.Release|Any CPU.Build.0 = Release|Any CPU
		{CD57749F-EAF8-43EC-909D-B86AADB286A2}.Debug|Any CPU.ActiveCfg = Debug|Any CPU
		{CD57749F-EAF8-43EC-909D-B86AADB286A2}.Debug|Any CPU.Build.0 = Debug|Any CPU
		{CD57749F-EAF8-43EC-909D-B86AADB286A2}.Release|Any CPU.ActiveCfg = Release|Any CPU
		{CD57749F-EAF8-43EC-909D-B86AADB286A2}.Release|Any CPU.Build.0 = Release|Any CPU
		{8DEEEA8E-4F2C-4578-B204-3E54DA6BFD7F}.Debug|Any CPU.ActiveCfg = Debug|Any CPU
		{8DEEEA8E-4F2C-4578-B204-3E54DA6BFD7F}.Debug|Any CPU.Build.0 = Debug|Any CPU
		{8DEEEA8E-4F2C-4578-B204-3E54DA6BFD7F}.Release|Any CPU.ActiveCfg = Release|Any CPU
		{8DEEEA8E-4F2C-4578-B204-3E54DA6BFD7F}.Release|Any CPU.Build.0 = Release|Any CPU
	EndGlobalSection
	GlobalSection(SolutionProperties) = preSolution
		HideSolutionNode = FALSE
	EndGlobalSection
	GlobalSection(NestedProjects) = preSolution
		{A157D636-F7A9-4E58-AA62-CE777F508935} = {2DE3969E-7F53-453A-B9FA-14A9D33D9863}
		{CD57749F-EAF8-43EC-909D-B86AADB286A2} = {2DE3969E-7F53-453A-B9FA-14A9D33D9863}
		{8DEEEA8E-4F2C-4578-B204-3E54DA6BFD7F} = {B5793046-6A2B-4591-A25E-0C65E1061459}
	EndGlobalSection
	GlobalSection(ExtensibilityGlobals) = postSolution
		SolutionGuid = {ECA29682-2357-48EE-9458-84FDA80D0AD2}
	EndGlobalSection
EndGlobal
